
Microsoft Visual Studio Solution File, Format Version 12.00
# Visual Studio Version 16
VisualStudioVersion = 16.0.30413.136
MinimumVisualStudioVersion = 10.0.40219.1
Project("{FAE04EC0-301F-11D3-BF4B-00C04F79EFBC}") = "Assignment2_CoffeeShop", "Assignment2_CoffeeShop.csproj", "{AD8A4BC1-152E-4037-A16D-32A3FB31540A}"
EndProject
Global
	GlobalSection(SolutionConfigurationPlatforms) = preSolution
		Debug|Any CPU = Debug|Any CPU
		Release|Any CPU = Release|Any CPU
	EndGlobalSection
	GlobalSection(ProjectConfigurationPlatforms) = postSolution
		{AD8A4BC1-152E-4037-A16D-32A3FB31540A}.Debug|Any CPU.ActiveCfg = Debug|Any CPU
		{AD8A4BC1-152E-4037-A16D-32A3FB31540A}.Debug|Any CPU.Build.0 = Debug|Any CPU
		{AD8A4BC1-152E-4037-A16D-32A3FB31540A}.Release|Any CPU.ActiveCfg = Release|Any CPU
		{AD8A4BC1-152E-4037-A16D-32A3FB31540A}.Release|Any CPU.Build.0 = Release|Any CPU
	EndGlobalSection
	GlobalSection(SolutionProperties) = preSolution
		HideSolutionNode = FALSE
	EndGlobalSection
	GlobalSection(ExtensibilityGlobals) = postSolution
		SolutionGuid = {7927B626-4D4E-4D55-B133-3BAE7590F237}
	EndGlobalSection
EndGlobal
